// !$*UTF8*$!
{
	archiveVersion = 1;
	classes = {
	};
	objectVersion = 56;
	objects = {

/* Begin PBXBuildFile section */
		082225E22D42F2E8002A7390 /* SwiftLesson01App.swift in Sources */ = {isa = PBXBuildFile; fileRef = 082225E12D42F2E8002A7390 /* SwiftLesson01App.swift */; };
		082225E42D42F2E8002A7390 /* ContentView.swift in Sources */ = {isa = PBXBuildFile; fileRef = 082225E32D42F2E8002A7390 /* ContentView.swift */; };
		082225E62D42F2EA002A7390 /* Assets.xcassets in Resources */ = {isa = PBXBuildFile; fileRef = 082225E52D42F2EA002A7390 /* Assets.xcassets */; };
		082225E92D42F2EA002A7390 /* Preview Assets.xcassets in Resources */ = {isa = PBXBuildFile; fileRef = 082225E82D42F2EA002A7390 /* Preview Assets.xcassets */; };
		082225F32D42F2EA002A7390 /* SwiftLesson01Tests.swift in Sources */ = {isa = PBXBuildFile; fileRef = 082225F22D42F2EA002A7390 /* SwiftLesson01Tests.swift */; };
		082225FD2D42F2EA002A7390 /* SwiftLesson01UITests.swift in Sources */ = {isa = PBXBuildFile; fileRef = 082225FC2D42F2EA002A7390 /* SwiftLesson01UITests.swift */; };
		082225FF2D42F2EA002A7390 /* SwiftLesson01UITestsLaunchTests.swift in Sources */ = {isa = PBXBuildFile; fileRef = 082225FE2D42F2EA002A7390 /* SwiftLesson01UITestsLaunchTests.swift */; };
/* End PBXBuildFile section */

/* Begin PBXContainerItemProxy section */
		082225EF2D42F2EA002A7390 /* PBXContainerItemProxy */ = {
			isa = PBXContainerItemProxy;
			containerPortal = 082225D62D42F2E8002A7390 /* Project object */;
			proxyType = 1;
			remoteGlobalIDString = 082225DD2D42F2E8002A7390;
			remoteInfo = SwiftLesson01;
		};
		082225F92D42F2EA002A7390 /* PBXContainerItemProxy */ = {
			isa = PBXContainerItemProxy;
			containerPortal = 082225D62D42F2E8002A7390 /* Project object */;
			proxyType = 1;
			remoteGlobalIDString = 082225DD2D42F2E8002A7390;
			remoteInfo = SwiftLesson01;
		};
/* End PBXContainerItemProxy section */

/* Begin PBXFileReference section */
		082225DE2D42F2E8002A7390 /* SwiftLesson01.app */ = {isa = PBXFileReference; explicitFileType = wrapper.application; includeInIndex = 0; path = SwiftLesson01.app; sourceTree = BUILT_PRODUCTS_DIR; };
		082225E12D42F2E8002A7390 /* SwiftLesson01App.swift */ = {isa = PBXFileReference; lastKnownFileType = sourcecode.swift; path = SwiftLesson01App.swift; sourceTree = "<group>"; };
		082225E32D42F2E8002A7390 /* ContentView.swift */ = {isa = PBXFileReference; lastKnownFileType = sourcecode.swift; path = ContentView.swift; sourceTree = "<group>"; };
		082225E52D42F2EA002A7390 /* Assets.xcassets */ = {isa = PBXFileReference; lastKnownFileType = folder.assetcatalog; path = Assets.xcassets; sourceTree = "<group>"; };
		082225E82D42F2EA002A7390 /* Preview Assets.xcassets */ = {isa = PBXFileReference; lastKnownFileType = folder.assetcatalog; path = "Preview Assets.xcassets"; sourceTree = "<group>"; };
		082225EE2D42F2EA002A7390 /* SwiftLesson01Tests.xctest */ = {isa = PBXFileReference; explicitFileType = wrapper.cfbundle; includeInIndex = 0; path = SwiftLesson01Tests.xctest; sourceTree = BUILT_PRODUCTS_DIR; };
		082225F22D42F2EA002A7390 /* SwiftLesson01Tests.swift */ = {isa = PBXFileReference; lastKnownFileType = sourcecode.swift; path = SwiftLesson01Tests.swift; sourceTree = "<group>"; };
		082225F82D42F2EA002A7390 /* SwiftLesson01UITests.xctest */ = {isa = PBXFileReference; explicitFileType = wrapper.cfbundle; includeInIndex = 0; path = SwiftLesson01UITests.xctest; sourceTree = BUILT_PRODUCTS_DIR; };
		082225FC2D42F2EA002A7390 /* SwiftLesson01UITests.swift */ = {isa = PBXFileReference; lastKnownFileType = sourcecode.swift; path = SwiftLesson01UITests.swift; sourceTree = "<group>"; };
		082225FE2D42F2EA002A7390 /* SwiftLesson01UITestsLaunchTests.swift */ = {isa = PBXFileReference; lastKnownFileType = sourcecode.swift; path = SwiftLesson01UITestsLaunchTests.swift; sourceTree = "<group>"; };
/* End PBXFileReference section */

/* Begin PBXFrameworksBuildPhase section */
		082225DB2D42F2E8002A7390 /* Frameworks */ = {
			isa = PBXFrameworksBuildPhase;
			buildActionMask = 2147483647;
			files = (
			);
			runOnlyForDeploymentPostprocessing = 0;
		};
		082225EB2D42F2EA002A7390 /* Frameworks */ = {
			isa = PBXFrameworksBuildPhase;
			buildActionMask = 2147483647;
			files = (
			);
			runOnlyForDeploymentPostprocessing = 0;
		};
		082225F52D42F2EA002A7390 /* Frameworks */ = {
			isa = PBXFrameworksBuildPhase;
			buildActionMask = 2147483647;
			files = (
			);
			runOnlyForDeploymentPostprocessing = 0;
		};
/* End PBXFrameworksBuildPhase section */

/* Begin PBXGroup section */
		082225D52D42F2E8002A7390 = {
			isa = PBXGroup;
			children = (
				082225E02D42F2E8002A7390 /* SwiftLesson01 */,
				082225F12D42F2EA002A7390 /* SwiftLesson01Tests */,
				082225FB2D42F2EA002A7390 /* SwiftLesson01UITests */,
				082225DF2D42F2E8002A7390 /* Products */,
			);
			sourceTree = "<group>";
		};
		082225DF2D42F2E8002A7390 /* Products */ = {
			isa = PBXGroup;
			children = (
				082225DE2D42F2E8002A7390 /* SwiftLesson01.app */,
				082225EE2D42F2EA002A7390 /* SwiftLesson01Tests.xctest */,
				082225F82D42F2EA002A7390 /* SwiftLesson01UITests.xctest */,
			);
			name = Products;
			sourceTree = "<group>";
		};
		082225E02D42F2E8002A7390 /* SwiftLesson01 */ = {
			isa = PBXGroup;
			children = (
				082225E12D42F2E8002A7390 /* SwiftLesson01App.swift */,
				082225E32D42F2E8002A7390 /* ContentView.swift */,
				082225E52D42F2EA002A7390 /* Assets.xcassets */,
				082225E72D42F2EA002A7390 /* Preview Content */,
			);
			path = SwiftLesson01;
			sourceTree = "<group>";
		};
		082225E72D42F2EA002A7390 /* Preview Content */ = {
			isa = PBXGroup;
			children = (
				082225E82D42F2EA002A7390 /* Preview Assets.xcassets */,
			);
			path = "Preview Content";
			sourceTree = "<group>";
		};
		082225F12D42F2EA002A7390 /* SwiftLesson01Tests */ = {
			isa = PBXGroup;
			children = (
				082225F22D42F2EA002A7390 /* SwiftLesson01Tests.swift */,
			);
			path = SwiftLesson01Tests;
			sourceTree = "<group>";
		};
		082225FB2D42F2EA002A7390 /* SwiftLesson01UITests */ = {
			isa = PBXGroup;
			children = (
				082225FC2D42F2EA002A7390 /* SwiftLesson01UITests.swift */,
				082225FE2D42F2EA002A7390 /* SwiftLesson01UITestsLaunchTests.swift */,
			);
			path = SwiftLesson01UITests;
			sourceTree = "<group>";
		};
/* End PBXGroup section */

/* Begin PBXNativeTarget section */
		082225DD2D42F2E8002A7390 /* SwiftLesson01 */ = {
			isa = PBXNativeTarget;
			buildConfigurationList = 082226022D42F2EA002A7390 /* Build configuration list for PBXNativeTarget "SwiftLesson01" */;
			buildPhases = (
				082225DA2D42F2E8002A7390 /* Sources */,
				082225DB2D42F2E8002A7390 /* Frameworks */,
				082225DC2D42F2E8002A7390 /* Resources */,
			);
			buildRules = (
			);
			dependencies = (
			);
			name = SwiftLesson01;
			productName = SwiftLesson01;
			productReference = 082225DE2D42F2E8002A7390 /* SwiftLesson01.app */;
			productType = "com.apple.product-type.application";
		};
		082225ED2D42F2EA002A7390 /* SwiftLesson01Tests */ = {
			isa = PBXNativeTarget;
			buildConfigurationList = 082226052D42F2EA002A7390 /* Build configuration list for PBXNativeTarget "SwiftLesson01Tests" */;
			buildPhases = (
				082225EA2D42F2EA002A7390 /* Sources */,
				082225EB2D42F2EA002A7390 /* Frameworks */,
				082225EC2D42F2EA002A7390 /* Resources */,
			);
			buildRules = (
			);
			dependencies = (
				082225F02D42F2EA002A7390 /* PBXTargetDependency */,
			);
			name = SwiftLesson01Tests;
			productName = SwiftLesson01Tests;
			productReference = 082225EE2D42F2EA002A7390 /* SwiftLesson01Tests.xctest */;
			productType = "com.apple.product-type.bundle.unit-test";
		};
		082225F72D42F2EA002A7390 /* SwiftLesson01UITests */ = {
			isa = PBXNativeTarget;
			buildConfigurationList = 082226082D42F2EA002A7390 /* Build configuration list for PBXNativeTarget "SwiftLesson01UITests" */;
			buildPhases = (
				082225F42D42F2EA002A7390 /* Sources */,
				082225F52D42F2EA002A7390 /* Frameworks */,
				082225F62D42F2EA002A7390 /* Resources */,
			);
			buildRules = (
			);
			dependencies = (
				082225FA2D42F2EA002A7390 /* PBXTargetDependency */,
			);
			name = SwiftLesson01UITests;
			productName = SwiftLesson01UITests;
			productReference = 082225F82D42F2EA002A7390 /* SwiftLesson01UITests.xctest */;
			productType = "com.apple.product-type.bundle.ui-testing";
		};
/* End PBXNativeTarget section */

/* Begin PBXProject section */
		082225D62D42F2E8002A7390 /* Project object */ = {
			isa = PBXProject;
			attributes = {
				BuildIndependentTargetsInParallel = 1;
				LastSwiftUpdateCheck = 1540;
				LastUpgradeCheck = 1540;
				TargetAttributes = {
					082225DD2D42F2E8002A7390 = {
						CreatedOnToolsVersion = 15.4;
					};
					082225ED2D42F2EA002A7390 = {
						CreatedOnToolsVersion = 15.4;
						TestTargetID = 082225DD2D42F2E8002A7390;
					};
					082225F72D42F2EA002A7390 = {
						CreatedOnToolsVersion = 15.4;
						TestTargetID = 082225DD2D42F2E8002A7390;
					};
				};
			};
			buildConfigurationList = 082225D92D42F2E8002A7390 /* Build configuration list for PBXProject "SwiftLesson01" */;
			compatibilityVersion = "Xcode 14.0";
			developmentRegion = en;
			hasScannedForEncodings = 0;
			knownRegions = (
				en,
				Base,
			);
			mainGroup = 082225D52D42F2E8002A7390;
			productRefGroup = 082225DF2D42F2E8002A7390 /* Products */;
			projectDirPath = "";
			projectRoot = "";
			targets = (
				082225DD2D42F2E8002A7390 /* SwiftLesson01 */,
				082225ED2D42F2EA002A7390 /* SwiftLesson01Tests */,
				082225F72D42F2EA002A7390 /* SwiftLesson01UITests */,
			);
		};
/* End PBXProject section */

/* Begin PBXResourcesBuildPhase section */
		082225DC2D42F2E8002A7390 /* Resources */ = {
			isa = PBXResourcesBuildPhase;
			buildActionMask = 2147483647;
			files = (
				082225E92D42F2EA002A7390 /* Preview Assets.xcassets in Resources */,
				082225E62D42F2EA002A7390 /* Assets.xcassets in Resources */,
			);
			runOnlyForDeploymentPostprocessing = 0;
		};
		082225EC2D42F2EA002A7390 /* Resources */ = {
			isa = PBXResourcesBuildPhase;
			buildActionMask = 2147483647;
			files = (
			);
			runOnlyForDeploymentPostprocessing = 0;
		};
		082225F62D42F2EA002A7390 /* Resources */ = {
			isa = PBXResourcesBuildPhase;
			buildActionMask = 2147483647;
			files = (
			);
			runOnlyForDeploymentPostprocessing = 0;
		};
/* End PBXResourcesBuildPhase section */

/* Begin PBXSourcesBuildPhase section */
		082225DA2D42F2E8002A7390 /* Sources */ = {
			isa = PBXSourcesBuildPhase;
			buildActionMask = 2147483647;
			files = (
				082225E42D42F2E8002A7390 /* ContentView.swift in Sources */,
				082225E22D42F2E8002A7390 /* SwiftLesson01App.swift in Sources */,
			);
			runOnlyForDeploymentPostprocessing = 0;
		};
		082225EA2D42F2EA002A7390 /* Sources */ = {
			isa = PBXSourcesBuildPhase;
			buildActionMask = 2147483647;
			files = (
				082225F32D42F2EA002A7390 /* SwiftLesson01Tests.swift in Sources */,
			);
			runOnlyForDeploymentPostprocessing = 0;
		};
		082225F42D42F2EA002A7390 /* Sources */ = {
			isa = PBXSourcesBuildPhase;
			buildActionMask = 2147483647;
			files = (
				082225FD2D42F2EA002A7390 /* SwiftLesson01UITests.swift in Sources */,
				082225FF2D42F2EA002A7390 /* SwiftLesson01UITestsLaunchTests.swift in Sources */,
			);
			runOnlyForDeploymentPostprocessing = 0;
		};
/* End PBXSourcesBuildPhase section */

/* Begin PBXTargetDependency section */
		082225F02D42F2EA002A7390 /* PBXTargetDependency */ = {
			isa = PBXTargetDependency;
			target = 082225DD2D42F2E8002A7390 /* SwiftLesson01 */;
			targetProxy = 082225EF2D42F2EA002A7390 /* PBXContainerItemProxy */;
		};
		082225FA2D42F2EA002A7390 /* PBXTargetDependency */ = {
			isa = PBXTargetDependency;
			target = 082225DD2D42F2E8002A7390 /* SwiftLesson01 */;
			targetProxy = 082225F92D42F2EA002A7390 /* PBXContainerItemProxy */;
		};
/* End PBXTargetDependency section */

/* Begin XCBuildConfiguration section */
		082226002D42F2EA002A7390 /* Debug */ = {
			isa = XCBuildConfiguration;
			buildSettings = {
				ALWAYS_SEARCH_USER_PATHS = NO;
				ASSETCATALOG_COMPILER_GENERATE_SWIFT_ASSET_SYMBOL_EXTENSIONS = YES;
				CLANG_ANALYZER_NONNULL = YES;
				CLANG_ANALYZER_NUMBER_OBJECT_CONVERSION = YES_AGGRESSIVE;
				CLANG_CXX_LANGUAGE_STANDARD = "gnu++20";
				CLANG_ENABLE_MODULES = YES;
				CLANG_ENABLE_OBJC_ARC = YES;
				CLANG_ENABLE_OBJC_WEAK = YES;
				CLANG_WARN_BLOCK_CAPTURE_AUTORELEASING = YES;
				CLANG_WARN_BOOL_CONVERSION = YES;
				CLANG_WARN_COMMA = YES;
				CLANG_WARN_CONSTANT_CONVERSION = YES;
				CLANG_WARN_DEPRECATED_OBJC_IMPLEMENTATIONS = YES;
				CLANG_WARN_DIRECT_OBJC_ISA_USAGE = YES_ERROR;
				CLANG_WARN_DOCUMENTATION_COMMENTS = YES;
				CLANG_WARN_EMPTY_BODY = YES;
				CLANG_WARN_ENUM_CONVERSION = YES;
				CLANG_WARN_INFINITE_RECURSION = YES;
				CLANG_WARN_INT_CONVERSION = YES;
				CLANG_WARN_NON_LITERAL_NULL_CONVERSION = YES;
				CLANG_WARN_OBJC_IMPLICIT_RETAIN_SELF = YES;
				CLANG_WARN_OBJC_LITERAL_CONVERSION = YES;
				CLANG_WARN_OBJC_ROOT_CLASS = YES_ERROR;
				CLANG_WARN_QUOTED_INCLUDE_IN_FRAMEWORK_HEADER = YES;
				CLANG_WARN_RANGE_LOOP_ANALYSIS = YES;
				CLANG_WARN_STRICT_PROTOTYPES = YES;
				CLANG_WARN_SUSPICIOUS_MOVE = YES;
				CLANG_WARN_UNGUARDED_AVAILABILITY = YES_AGGRESSIVE;
				CLANG_WARN_UNREACHABLE_CODE = YES;
				CLANG_WARN__DUPLICATE_METHOD_MATCH = YES;
				COPY_PHASE_STRIP = NO;
				DEBUG_INFORMATION_FORMAT = dwarf;
				ENABLE_STRICT_OBJC_MSGSEND = YES;
				ENABLE_TESTABILITY = YES;
				ENABLE_USER_SCRIPT_SANDBOXING = YES;
				GCC_C_LANGUAGE_STANDARD = gnu17;
				GCC_DYNAMIC_NO_PIC = NO;
				GCC_NO_COMMON_BLOCKS = YES;
				GCC_OPTIMIZATION_LEVEL = 0;
				GCC_PREPROCESSOR_DEFINITIONS = (
					"DEBUG=1",
					"$(inherited)",
				);
				GCC_WARN_64_TO_32_BIT_CONVERSION = YES;
				GCC_WARN_ABOUT_RETURN_TYPE = YES_ERROR;
				GCC_WARN_UNDECLARED_SELECTOR = YES;
				GCC_WARN_UNINITIALIZED_AUTOS = YES_AGGRESSIVE;
				GCC_WARN_UNUSED_FUNCTION = YES;
				GCC_WARN_UNUSED_VARIABLE = YES;
				IPHONEOS_DEPLOYMENT_TARGET = 17.5;
				LOCALIZATION_PREFERS_STRING_CATALOGS = YES;
				MTL_ENABLE_DEBUG_INFO = INCLUDE_SOURCE;
				MTL_FAST_MATH = YES;
				ONLY_ACTIVE_ARCH = YES;
				SDKROOT = iphoneos;
				SWIFT_ACTIVE_COMPILATION_CONDITIONS = "DEBUG $(inherited)";
				SWIFT_OPTIMIZATION_LEVEL = "-Onone";
			};
			name = Debug;
		};
		082226012D42F2EA002A7390 /* Release */ = {
			isa = XCBuildConfiguration;
			buildSettings = {
				ALWAYS_SEARCH_USER_PATHS = NO;
				ASSETCATALOG_COMPILER_GENERATE_SWIFT_ASSET_SYMBOL_EXTENSIONS = YES;
				CLANG_ANALYZER_NONNULL = YES;
				CLANG_ANALYZER_NUMBER_OBJECT_CONVERSION = YES_AGGRESSIVE;
				CLANG_CXX_LANGUAGE_STANDARD = "gnu++20";
				CLANG_ENABLE_MODULES = YES;
				CLANG_ENABLE_OBJC_ARC = YES;
				CLANG_ENABLE_OBJC_WEAK = YES;
				CLANG_WARN_BLOCK_CAPTURE_AUTORELEASING = YES;
				CLANG_WARN_BOOL_CONVERSION = YES;
				CLANG_WARN_COMMA = YES;
				CLANG_WARN_CONSTANT_CONVERSION = YES;
				CLANG_WARN_DEPRECATED_OBJC_IMPLEMENTATIONS = YES;
				CLANG_WARN_DIRECT_OBJC_ISA_USAGE = YES_ERROR;
				CLANG_WARN_DOCUMENTATION_COMMENTS = YES;
				CLANG_WARN_EMPTY_BODY = YES;
				CLANG_WARN_ENUM_CONVERSION = YES;
				CLANG_WARN_INFINITE_RECURSION = YES;
				CLANG_WARN_INT_CONVERSION = YES;
				CLANG_WARN_NON_LITERAL_NULL_CONVERSION = YES;
				CLANG_WARN_OBJC_IMPLICIT_RETAIN_SELF = YES;
				CLANG_WARN_OBJC_LITERAL_CONVERSION = YES;
				CLANG_WARN_OBJC_ROOT_CLASS = YES_ERROR;
				CLANG_WARN_QUOTED_INCLUDE_IN_FRAMEWORK_HEADER = YES;
				CLANG_WARN_RANGE_LOOP_ANALYSIS = YES;
				CLANG_WARN_STRICT_PROTOTYPES = YES;
				CLANG_WARN_SUSPICIOUS_MOVE = YES;
				CLANG_WARN_UNGUARDED_AVAILABILITY = YES_AGGRESSIVE;
				CLANG_WARN_UNREACHABLE_CODE = YES;
				CLANG_WARN__DUPLICATE_METHOD_MATCH = YES;
				COPY_PHASE_STRIP = NO;
				DEBUG_INFORMATION_FORMAT = "dwarf-with-dsym";
				ENABLE_NS_ASSERTIONS = NO;
				ENABLE_STRICT_OBJC_MSGSEND = YES;
				ENABLE_USER_SCRIPT_SANDBOXING = YES;
				GCC_C_LANGUAGE_STANDARD = gnu17;
				GCC_NO_COMMON_BLOCKS = YES;
				GCC_WARN_64_TO_32_BIT_CONVERSION = YES;
				GCC_WARN_ABOUT_RETURN_TYPE = YES_ERROR;
				GCC_WARN_UNDECLARED_SELECTOR = YES;
				GCC_WARN_UNINITIALIZED_AUTOS = YES_AGGRESSIVE;
				GCC_WARN_UNUSED_FUNCTION = YES;
				GCC_WARN_UNUSED_VARIABLE = YES;
				IPHONEOS_DEPLOYMENT_TARGET = 17.5;
				LOCALIZATION_PREFERS_STRING_CATALOGS = YES;
				MTL_ENABLE_DEBUG_INFO = NO;
				MTL_FAST_MATH = YES;
				SDKROOT = iphoneos;
				SWIFT_COMPILATION_MODE = wholemodule;
				VALIDATE_PRODUCT = YES;
			};
			name = Release;
		};
		082226032D42F2EA002A7390 /* Debug */ = {
			isa = XCBuildConfiguration;
			buildSettings = {
				ASSETCATALOG_COMPILER_APPICON_NAME = AppIcon;
				ASSETCATALOG_COMPILER_GLOBAL_ACCENT_COLOR_NAME = AccentColor;
				CODE_SIGN_STYLE = Automatic;
				CURRENT_PROJECT_VERSION = 1;
				DEVELOPMENT_ASSET_PATHS = "\"SwiftLesson01/Preview Content\"";
				DEVELOPMENT_TEAM = HKPGWACRJ6;
				ENABLE_PREVIEWS = YES;
				GENERATE_INFOPLIST_FILE = YES;
				INFOPLIST_KEY_UIApplicationSceneManifest_Generation = YES;
				INFOPLIST_KEY_UIApplicationSupportsIndirectInputEvents = YES;
				INFOPLIST_KEY_UILaunchScreen_Generation = YES;
				INFOPLIST_KEY_UISupportedInterfaceOrientations_iPad = "UIInterfaceOrientationPortrait UIInterfaceOrientationPortraitUpsideDown UIInterfaceOrientationLandscapeLeft UIInterfaceOrientationLandscapeRight";
				INFOPLIST_KEY_UISupportedInterfaceOrientations_iPhone = "UIInterfaceOrientationPortrait UIInterfaceOrientationLandscapeLeft UIInterfaceOrientationLandscapeRight";
				LD_RUNPATH_SEARCH_PATHS = (
					"$(inherited)",
					"@executable_path/Frameworks",
				);
				MARKETING_VERSION = 1.0;
				PRODUCT_BUNDLE_IDENTIFIER = com.raventech.SwiftLesson01;
				PRODUCT_NAME = "$(TARGET_NAME)";
				SWIFT_EMIT_LOC_STRINGS = YES;
				SWIFT_VERSION = 5.0;
				TARGETED_DEVICE_FAMILY = "1,2";
			};
			name = Debug;
		};
		082226042D42F2EA002A7390 /* Release */ = {
			isa = XCBuildConfiguration;
			buildSettings = {
				ASSETCATALOG_COMPILER_APPICON_NAME = AppIcon;
				ASSETCATALOG_COMPILER_GLOBAL_ACCENT_COLOR_NAME = AccentColor;
				CODE_SIGN_STYLE = Automatic;
				CURRENT_PROJECT_VERSION = 1;
				DEVELOPMENT_ASSET_PATHS = "\"SwiftLesson01/Preview Content\"";
				DEVELOPMENT_TEAM = HKPGWACRJ6;
				ENABLE_PREVIEWS = YES;
				GENERATE_INFOPLIST_FILE = YES;
				INFOPLIST_KEY_UIApplicationSceneManifest_Generation = YES;
				INFOPLIST_KEY_UIApplicationSupportsIndirectInputEvents = YES;
				INFOPLIST_KEY_UILaunchScreen_Generation = YES;
				INFOPLIST_KEY_UISupportedInterfaceOrientations_iPad = "UIInterfaceOrientationPortrait UIInterfaceOrientationPortraitUpsideDown UIInterfaceOrientationLandscapeLeft UIInterfaceOrientationLandscapeRight";
				INFOPLIST_KEY_UISupportedInterfaceOrientations_iPhone = "UIInterfaceOrientationPortrait UIInterfaceOrientationLandscapeLeft UIInterfaceOrientationLandscapeRight";
				LD_RUNPATH_SEARCH_PATHS = (
					"$(inherited)",
					"@executable_path/Frameworks",
				);
				MARKETING_VERSION = 1.0;
				PRODUCT_BUNDLE_IDENTIFIER = com.raventech.SwiftLesson01;
				PRODUCT_NAME = "$(TARGET_NAME)";
				SWIFT_EMIT_LOC_STRINGS = YES;
				SWIFT_VERSION = 5.0;
				TARGETED_DEVICE_FAMILY = "1,2";
			};
			name = Release;
		};
		082226062D42F2EA002A7390 /* Debug */ = {
			isa = XCBuildConfiguration;
			buildSettings = {
				ALWAYS_EMBED_SWIFT_STANDARD_LIBRARIES = YES;
				BUNDLE_LOADER = "$(TEST_HOST)";
				CODE_SIGN_STYLE = Automatic;
				CURRENT_PROJECT_VERSION = 1;
				DEVELOPMENT_TEAM = HKPGWACRJ6;
				GENERATE_INFOPLIST_FILE = YES;
				IPHONEOS_DEPLOYMENT_TARGET = 17.5;
				MARKETING_VERSION = 1.0;
				PRODUCT_BUNDLE_IDENTIFIER = com.raventech.SwiftLesson01Tests;
				PRODUCT_NAME = "$(TARGET_NAME)";
				SWIFT_EMIT_LOC_STRINGS = NO;
				SWIFT_VERSION = 5.0;
				TARGETED_DEVICE_FAMILY = "1,2";
				TEST_HOST = "$(BUILT_PRODUCTS_DIR)/SwiftLesson01.app/$(BUNDLE_EXECUTABLE_FOLDER_PATH)/SwiftLesson01";
			};
			name = Debug;
		};
		082226072D42F2EA002A7390 /* Release */ = {
			isa = XCBuildConfiguration;
			buildSettings = {
				ALWAYS_EMBED_SWIFT_STANDARD_LIBRARIES = YES;
				BUNDLE_LOADER = "$(TEST_HOST)";
				CODE_SIGN_STYLE = Automatic;
				CURRENT_PROJECT_VERSION = 1;
				DEVELOPMENT_TEAM = HKPGWACRJ6;
				GENERATE_INFOPLIST_FILE = YES;
				IPHONEOS_DEPLOYMENT_TARGET = 17.5;
				MARKETING_VERSION = 1.0;
				PRODUCT_BUNDLE_IDENTIFIER = com.raventech.SwiftLesson01Tests;
				PRODUCT_NAME = "$(TARGET_NAME)";
				SWIFT_EMIT_LOC_STRINGS = NO;
				SWIFT_VERSION = 5.0;
				TARGETED_DEVICE_FAMILY = "1,2";
				TEST_HOST = "$(BUILT_PRODUCTS_DIR)/SwiftLesson01.app/$(BUNDLE_EXECUTABLE_FOLDER_PATH)/SwiftLesson01";
			};
			name = Release;
		};
		082226092D42F2EA002A7390 /* Debug */ = {
			isa = XCBuildConfiguration;
			buildSettings = {
				ALWAYS_EMBED_SWIFT_STANDARD_LIBRARIES = YES;
				CODE_SIGN_STYLE = Automatic;
				CURRENT_PROJECT_VERSION = 1;
				DEVELOPMENT_TEAM = HKPGWACRJ6;
				GENERATE_INFOPLIST_FILE = YES;
				MARKETING_VERSION = 1.0;
				PRODUCT_BUNDLE_IDENTIFIER = com.raventech.SwiftLesson01UITests;
				PRODUCT_NAME = "$(TARGET_NAME)";
				SWIFT_EMIT_LOC_STRINGS = NO;
				SWIFT_VERSION = 5.0;
				TARGETED_DEVICE_FAMILY = "1,2";
				TEST_TARGET_NAME = SwiftLesson01;
			};
			name = Debug;
		};
		0822260A2D42F2EA002A7390 /* Release */ = {
			isa = XCBuildConfiguration;
			buildSettings = {
				ALWAYS_EMBED_SWIFT_STANDARD_LIBRARIES = YES;
				CODE_SIGN_STYLE = Automatic;
				CURRENT_PROJECT_VERSION = 1;
				DEVELOPMENT_TEAM = HKPGWACRJ6;
				GENERATE_INFOPLIST_FILE = YES;
				MARKETING_VERSION = 1.0;
				PRODUCT_BUNDLE_IDENTIFIER = com.raventech.SwiftLesson01UITests;
				PRODUCT_NAME = "$(TARGET_NAME)";
				SWIFT_EMIT_LOC_STRINGS = NO;
				SWIFT_VERSION = 5.0;
				TARGETED_DEVICE_FAMILY = "1,2";
				TEST_TARGET_NAME = SwiftLesson01;
			};
			name = Release;
		};
/* End XCBuildConfiguration section */

/* Begin XCConfigurationList section */
		082225D92D42F2E8002A7390 /* Build configuration list for PBXProject "SwiftLesson01" */ = {
			isa = XCConfigurationList;
			buildConfigurations = (
				082226002D42F2EA002A7390 /* Debug */,
				082226012D42F2EA002A7390 /* Release */,
			);
			defaultConfigurationIsVisible = 0;
			defaultConfigurationName = Release;
		};
		082226022D42F2EA002A7390 /* Build configuration list for PBXNativeTarget "SwiftLesson01" */ = {
			isa = XCConfigurationList;
			buildConfigurations = (
				082226032D42F2EA002A7390 /* Debug */,
				082226042D42F2EA002A7390 /* Release */,
			);
			defaultConfigurationIsVisible = 0;
			defaultConfigurationName = Release;
		};
		082226052D42F2EA002A7390 /* Build configuration list for PBXNativeTarget "SwiftLesson01Tests" */ = {
			isa = XCConfigurationList;
			buildConfigurations = (
				082226062D42F2EA002A7390 /* Debug */,
				082226072D42F2EA002A7390 /* Release */,
			);
			defaultConfigurationIsVisible = 0;
			defaultConfigurationName = Release;
		};
		082226082D42F2EA002A7390 /* Build configuration list for PBXNativeTarget "SwiftLesson01UITests" */ = {
			isa = XCConfigurationList;
			buildConfigurations = (
				082226092D42F2EA002A7390 /* Debug */,
				0822260A2D42F2EA002A7390 /* Release */,
			);
			defaultConfigurationIsVisible = 0;
			defaultConfigurationName = Release;
		};
/* End XCConfigurationList section */
	};
	rootObject = 082225D62D42F2E8002A7390 /* Project object */;
}
